uuid: 66e647b2-cb2b-46da-a79b-04bd01058ebe
langcode: pl
status: true
dependencies:
  config:
    - views.view.category_blocks
  module:
    - system
    - views
  theme:
    - creative_innovative
id: creative_innovative_views_block__category_blocks_block
theme: creative_innovative
region: sidebar_second
weight: -3
provider: null
plugin: 'views_block:category_blocks-block'
settings:
  id: 'views_block:category_blocks-block'
  label: ''
  label_display: '0'
  provider: views
  views_label: ''
  items_per_page: none
visibility:
  request_path:
    id: request_path
    negate: false
    pages: '/Obóz_terapeutyczny*'
